
Microsoft Visual Studio Solution File, Format Version 10.00
# Visual Studio 2008
Project("{FAE04EC0-301F-11D3-BF4B-00C04F79EFBC}") = "BlogEngine.Core", "BlogEngine.Core\BlogEngine.Core.csproj", "{9ED9914A-FB6E-4D21-8C71-9122E8C3076B}"
EndProject
Project("{E24C65DC-7377-472B-9ABA-BC803B73C61A}") = "BlogEngine.Web", "BlogEngine.Web\", "{F45214CD-1073-4D73-8E22-6C292AD3A1DC}"
	ProjectSection(WebsiteProperties) = preProject
		TargetFramework = "2.0"
		ProjectReferences = "{9ED9914A-FB6E-4D21-8C71-9122E8C3076B}|BlogEngine.Core.dll;"
		Debug.AspNetCompiler.VirtualPath = "/BlogEngine.Web"
		Debug.AspNetCompiler.PhysicalPath = "BlogEngine.Web\"
		Debug.AspNetCompiler.TargetPath = "PrecompiledWeb\BlogEngine.Web\"
		Debug.AspNetCompiler.Updateable = "true"
		Debug.AspNetCompiler.ForceOverwrite = "true"
		Debug.AspNetCompiler.FixedNames = "false"
		Debug.AspNetCompiler.Debug = "True"
		Release.AspNetCompiler.VirtualPath = "/BlogEngine.Web"
		Release.AspNetCompiler.PhysicalPath = "BlogEngine.Web\"
		Release.AspNetCompiler.TargetPath = "PrecompiledWeb\BlogEngine.Web\"
		Release.AspNetCompiler.Updateable = "true"
		Release.AspNetCompiler.ForceOverwrite = "true"
		Release.AspNetCompiler.FixedNames = "false"
		Release.AspNetCompiler.Debug = "False"
		VWDPort = "59746"
	EndProjectSection
EndProject
Global
	GlobalSection(SolutionConfigurationPlatforms) = preSolution
		Debug|Any CPU = Debug|Any CPU
		Release|Any CPU = Release|Any CPU
	EndGlobalSection
	GlobalSection(ProjectConfigurationPlatforms) = postSolution
		{9ED9914A-FB6E-4D21-8C71-9122E8C3076B}.Debug|Any CPU.ActiveCfg = Debug|Any CPU
		{9ED9914A-FB6E-4D21-8C71-9122E8C3076B}.Debug|Any CPU.Build.0 = Debug|Any CPU
		{9ED9914A-FB6E-4D21-8C71-9122E8C3076B}.Release|Any CPU.ActiveCfg = Release|Any CPU
		{9ED9914A-FB6E-4D21-8C71-9122E8C3076B}.Release|Any CPU.Build.0 = Release|Any CPU
		{F45214CD-1073-4D73-8E22-6C292AD3A1DC}.Debug|Any CPU.ActiveCfg = Debug|Any CPU
		{F45214CD-1073-4D73-8E22-6C292AD3A1DC}.Debug|Any CPU.Build.0 = Debug|Any CPU
		{F45214CD-1073-4D73-8E22-6C292AD3A1DC}.Release|Any CPU.ActiveCfg = Debug|Any CPU
		{F45214CD-1073-4D73-8E22-6C292AD3A1DC}.Release|Any CPU.Build.0 = Debug|Any CPU
	EndGlobalSection
	GlobalSection(SolutionProperties) = preSolution
		HideSolutionNode = FALSE
	EndGlobalSection
EndGlobal
